// !$*UTF8*$!
{
	archiveVersion = 1;
	classes = {
	};
	objectVersion = 50;
	objects = {

/* Begin PBXBuildFile section */
		5F61FA1E20EF77BE00B99CCB /* AppDelegate.swift in Sources */ = {isa = PBXBuildFile; fileRef = 5F61FA1D20EF77BE00B99CCB /* AppDelegate.swift */; };
		5F61FA2020EF77BE00B99CCB /* ViewController.swift in Sources */ = {isa = PBXBuildFile; fileRef = 5F61FA1F20EF77BE00B99CCB /* ViewController.swift */; };
		5F61FA2320EF77BE00B99CCB /* Main.storyboard in Resources */ = {isa = PBXBuildFile; fileRef = 5F61FA2120EF77BE00B99CCB /* Main.storyboard */; };
		5F61FA2520EF77C000B99CCB /* Assets.xcassets in Resources */ = {isa = PBXBuildFile; fileRef = 5F61FA2420EF77C000B99CCB /* Assets.xcassets */; };
		5F61FA2820EF77C000B99CCB /* LaunchScreen.storyboard in Resources */ = {isa = PBXBuildFile; fileRef = 5F61FA2620EF77C000B99CCB /* LaunchScreen.storyboard */; };
		5F61FA3320EF77C000B99CCB /* KunstmaanTests.swift in Sources */ = {isa = PBXBuildFile; fileRef = 5F61FA3220EF77C000B99CCB /* KunstmaanTests.swift */; };
		5F61FA3E20EF77C000B99CCB /* KunstmaanUITests.swift in Sources */ = {isa = PBXBuildFile; fileRef = 5F61FA3D20EF77C000B99CCB /* KunstmaanUITests.swift */; };
/* End PBXBuildFile section */

/* Begin PBXContainerItemProxy section */
		5F61FA2F20EF77C000B99CCB /* PBXContainerItemProxy */ = {
			isa = PBXContainerItemProxy;
			containerPortal = 5F61FA1220EF77BE00B99CCB /* Project object */;
			proxyType = 1;
			remoteGlobalIDString = 5F61FA1920EF77BE00B99CCB;
			remoteInfo = Kunstmaan;
		};
		5F61FA3A20EF77C000B99CCB /* PBXContainerItemProxy */ = {
			isa = PBXContainerItemProxy;
			containerPortal = 5F61FA1220EF77BE00B99CCB /* Project object */;
			proxyType = 1;
			remoteGlobalIDString = 5F61FA1920EF77BE00B99CCB;
			remoteInfo = Kunstmaan;
		};
/* End PBXContainerItemProxy section */

/* Begin PBXFileReference section */
		5F61FA1A20EF77BE00B99CCB /* Kunstmaan.app */ = {isa = PBXFileReference; explicitFileType = wrapper.application; includeInIndex = 0; path = Kunstmaan.app; sourceTree = BUILT_PRODUCTS_DIR; };
		5F61FA1D20EF77BE00B99CCB /* AppDelegate.swift */ = {isa = PBXFileReference; lastKnownFileType = sourcecode.swift; path = AppDelegate.swift; sourceTree = "<group>"; };
		5F61FA1F20EF77BE00B99CCB /* ViewController.swift */ = {isa = PBXFileReference; lastKnownFileType = sourcecode.swift; path = ViewController.swift; sourceTree = "<group>"; };
		5F61FA2220EF77BE00B99CCB /* Base */ = {isa = PBXFileReference; lastKnownFileType = file.storyboard; name = Base; path = Base.lproj/Main.storyboard; sourceTree = "<group>"; };
		5F61FA2420EF77C000B99CCB /* Assets.xcassets */ = {isa = PBXFileReference; lastKnownFileType = folder.assetcatalog; path = Assets.xcassets; sourceTree = "<group>"; };
		5F61FA2720EF77C000B99CCB /* Base */ = {isa = PBXFileReference; lastKnownFileType = file.storyboard; name = Base; path = Base.lproj/LaunchScreen.storyboard; sourceTree = "<group>"; };
		5F61FA2920EF77C000B99CCB /* Info.plist */ = {isa = PBXFileReference; lastKnownFileType = text.plist.xml; path = Info.plist; sourceTree = "<group>"; };
		5F61FA2E20EF77C000B99CCB /* KunstmaanTests.xctest */ = {isa = PBXFileReference; explicitFileType = wrapper.cfbundle; includeInIndex = 0; path = KunstmaanTests.xctest; sourceTree = BUILT_PRODUCTS_DIR; };
		5F61FA3220EF77C000B99CCB /* KunstmaanTests.swift */ = {isa = PBXFileReference; lastKnownFileType = sourcecode.swift; path = KunstmaanTests.swift; sourceTree = "<group>"; };
		5F61FA3420EF77C000B99CCB /* Info.plist */ = {isa = PBXFileReference; lastKnownFileType = text.plist.xml; path = Info.plist; sourceTree = "<group>"; };
		5F61FA3920EF77C000B99CCB /* KunstmaanUITests.xctest */ = {isa = PBXFileReference; explicitFileType = wrapper.cfbundle; includeInIndex = 0; path = KunstmaanUITests.xctest; sourceTree = BUILT_PRODUCTS_DIR; };
		5F61FA3D20EF77C000B99CCB /* KunstmaanUITests.swift */ = {isa = PBXFileReference; lastKnownFileType = sourcecode.swift; path = KunstmaanUITests.swift; sourceTree = "<group>"; };
		5F61FA3F20EF77C000B99CCB /* Info.plist */ = {isa = PBXFileReference; lastKnownFileType = text.plist.xml; path = Info.plist; sourceTree = "<group>"; };
/* End PBXFileReference section */

/* Begin PBXFrameworksBuildPhase section */
		5F61FA1720EF77BE00B99CCB /* Frameworks */ = {
			isa = PBXFrameworksBuildPhase;
			buildActionMask = 2147483647;
			files = (
			);
			runOnlyForDeploymentPostprocessing = 0;
		};
		5F61FA2B20EF77C000B99CCB /* Frameworks */ = {
			isa = PBXFrameworksBuildPhase;
			buildActionMask = 2147483647;
			files = (
			);
			runOnlyForDeploymentPostprocessing = 0;
		};
		5F61FA3620EF77C000B99CCB /* Frameworks */ = {
			isa = PBXFrameworksBuildPhase;
			buildActionMask = 2147483647;
			files = (
			);
			runOnlyForDeploymentPostprocessing = 0;
		};
/* End PBXFrameworksBuildPhase section */

/* Begin PBXGroup section */
		5F61FA1120EF77BE00B99CCB = {
			isa = PBXGroup;
			children = (
				5F61FA1C20EF77BE00B99CCB /* Kunstmaan */,
				5F61FA3120EF77C000B99CCB /* KunstmaanTests */,
				5F61FA3C20EF77C000B99CCB /* KunstmaanUITests */,
				5F61FA1B20EF77BE00B99CCB /* Products */,
			);
			sourceTree = "<group>";
		};
		5F61FA1B20EF77BE00B99CCB /* Products */ = {
			isa = PBXGroup;
			children = (
				5F61FA1A20EF77BE00B99CCB /* Kunstmaan.app */,
				5F61FA2E20EF77C000B99CCB /* KunstmaanTests.xctest */,
				5F61FA3920EF77C000B99CCB /* KunstmaanUITests.xctest */,
			);
			name = Products;
			sourceTree = "<group>";
		};
		5F61FA1C20EF77BE00B99CCB /* Kunstmaan */ = {
			isa = PBXGroup;
			children = (
				5F61FA1D20EF77BE00B99CCB /* AppDelegate.swift */,
				5F61FA1F20EF77BE00B99CCB /* ViewController.swift */,
				5F61FA2120EF77BE00B99CCB /* Main.storyboard */,
				5F61FA2420EF77C000B99CCB /* Assets.xcassets */,
				5F61FA2620EF77C000B99CCB /* LaunchScreen.storyboard */,
				5F61FA2920EF77C000B99CCB /* Info.plist */,
			);
			path = Kunstmaan;
			sourceTree = "<group>";
		};
		5F61FA3120EF77C000B99CCB /* KunstmaanTests */ = {
			isa = PBXGroup;
			children = (
				5F61FA3220EF77C000B99CCB /* KunstmaanTests.swift */,
				5F61FA3420EF77C000B99CCB /* Info.plist */,
			);
			path = KunstmaanTests;
			sourceTree = "<group>";
		};
		5F61FA3C20EF77C000B99CCB /* KunstmaanUITests */ = {
			isa = PBXGroup;
			children = (
				5F61FA3D20EF77C000B99CCB /* KunstmaanUITests.swift */,
				5F61FA3F20EF77C000B99CCB /* Info.plist */,
			);
			path = KunstmaanUITests;
			sourceTree = "<group>";
		};
/* End PBXGroup section */

/* Begin PBXNativeTarget section */
		5F61FA1920EF77BE00B99CCB /* Kunstmaan */ = {
			isa = PBXNativeTarget;
			buildConfigurationList = 5F61FA4220EF77C000B99CCB /* Build configuration list for PBXNativeTarget "Kunstmaan" */;
			buildPhases = (
				5F61FA1620EF77BE00B99CCB /* Sources */,
				5F61FA1720EF77BE00B99CCB /* Frameworks */,
				5F61FA1820EF77BE00B99CCB /* Resources */,
			);
			buildRules = (
			);
			dependencies = (
			);
			name = Kunstmaan;
			productName = Kunstmaan;
			productReference = 5F61FA1A20EF77BE00B99CCB /* Kunstmaan.app */;
			productType = "com.apple.product-type.application";
		};
		5F61FA2D20EF77C000B99CCB /* KunstmaanTests */ = {
			isa = PBXNativeTarget;
			buildConfigurationList = 5F61FA4520EF77C000B99CCB /* Build configuration list for PBXNativeTarget "KunstmaanTests" */;
			buildPhases = (
				5F61FA2A20EF77C000B99CCB /* Sources */,
				5F61FA2B20EF77C000B99CCB /* Frameworks */,
				5F61FA2C20EF77C000B99CCB /* Resources */,
			);
			buildRules = (
			);
			dependencies = (
				5F61FA3020EF77C000B99CCB /* PBXTargetDependency */,
			);
			name = KunstmaanTests;
			productName = KunstmaanTests;
			productReference = 5F61FA2E20EF77C000B99CCB /* KunstmaanTests.xctest */;
			productType = "com.apple.product-type.bundle.unit-test";
		};
		5F61FA3820EF77C000B99CCB /* KunstmaanUITests */ = {
			isa = PBXNativeTarget;
			buildConfigurationList = 5F61FA4820EF77C000B99CCB /* Build configuration list for PBXNativeTarget "KunstmaanUITests" */;
			buildPhases = (
				5F61FA3520EF77C000B99CCB /* Sources */,
				5F61FA3620EF77C000B99CCB /* Frameworks */,
				5F61FA3720EF77C000B99CCB /* Resources */,
			);
			buildRules = (
			);
			dependencies = (
				5F61FA3B20EF77C000B99CCB /* PBXTargetDependency */,
			);
			name = KunstmaanUITests;
			productName = KunstmaanUITests;
			productReference = 5F61FA3920EF77C000B99CCB /* KunstmaanUITests.xctest */;
			productType = "com.apple.product-type.bundle.ui-testing";
		};
/* End PBXNativeTarget section */

/* Begin PBXProject section */
		5F61FA1220EF77BE00B99CCB /* Project object */ = {
			isa = PBXProject;
			attributes = {
				LastSwiftUpdateCheck = 0940;
				LastUpgradeCheck = 0940;
				ORGANIZATIONNAME = "Kurt Warson";
				TargetAttributes = {
					5F61FA1920EF77BE00B99CCB = {
						CreatedOnToolsVersion = 9.4.1;
					};
					5F61FA2D20EF77C000B99CCB = {
						CreatedOnToolsVersion = 9.4.1;
						TestTargetID = 5F61FA1920EF77BE00B99CCB;
					};
					5F61FA3820EF77C000B99CCB = {
						CreatedOnToolsVersion = 9.4.1;
						TestTargetID = 5F61FA1920EF77BE00B99CCB;
					};
				};
			};
			buildConfigurationList = 5F61FA1520EF77BE00B99CCB /* Build configuration list for PBXProject "Kunstmaan" */;
			compatibilityVersion = "Xcode 9.3";
			developmentRegion = en;
			hasScannedForEncodings = 0;
			knownRegions = (
				en,
				Base,
			);
			mainGroup = 5F61FA1120EF77BE00B99CCB;
			productRefGroup = 5F61FA1B20EF77BE00B99CCB /* Products */;
			projectDirPath = "";
			projectRoot = "";
			targets = (
				5F61FA1920EF77BE00B99CCB /* Kunstmaan */,
				5F61FA2D20EF77C000B99CCB /* KunstmaanTests */,
				5F61FA3820EF77C000B99CCB /* KunstmaanUITests */,
			);
		};
/* End PBXProject section */

/* Begin PBXResourcesBuildPhase section */
		5F61FA1820EF77BE00B99CCB /* Resources */ = {
			isa = PBXResourcesBuildPhase;
			buildActionMask = 2147483647;
			files = (
				5F61FA2820EF77C000B99CCB /* LaunchScreen.storyboard in Resources */,
				5F61FA2520EF77C000B99CCB /* Assets.xcassets in Resources */,
				5F61FA2320EF77BE00B99CCB /* Main.storyboard in Resources */,
			);
			runOnlyForDeploymentPostprocessing = 0;
		};
		5F61FA2C20EF77C000B99CCB /* Resources */ = {
			isa = PBXResourcesBuildPhase;
			buildActionMask = 2147483647;
			files = (
			);
			runOnlyForDeploymentPostprocessing = 0;
		};
		5F61FA3720EF77C000B99CCB /* Resources */ = {
			isa = PBXResourcesBuildPhase;
			buildActionMask = 2147483647;
			files = (
			);
			runOnlyForDeploymentPostprocessing = 0;
		};
/* End PBXResourcesBuildPhase section */

/* Begin PBXSourcesBuildPhase section */
		5F61FA1620EF77BE00B99CCB /* Sources */ = {
			isa = PBXSourcesBuildPhase;
			buildActionMask = 2147483647;
			files = (
				5F61FA2020EF77BE00B99CCB /* ViewController.swift in Sources */,
				5F61FA1E20EF77BE00B99CCB /* AppDelegate.swift in Sources */,
			);
			runOnlyForDeploymentPostprocessing = 0;
		};
		5F61FA2A20EF77C000B99CCB /* Sources */ = {
			isa = PBXSourcesBuildPhase;
			buildActionMask = 2147483647;
			files = (
				5F61FA3320EF77C000B99CCB /* KunstmaanTests.swift in Sources */,
			);
			runOnlyForDeploymentPostprocessing = 0;
		};
		5F61FA3520EF77C000B99CCB /* Sources */ = {
			isa = PBXSourcesBuildPhase;
			buildActionMask = 2147483647;
			files = (
				5F61FA3E20EF77C000B99CCB /* KunstmaanUITests.swift in Sources */,
			);
			runOnlyForDeploymentPostprocessing = 0;
		};
/* End PBXSourcesBuildPhase section */

/* Begin PBXTargetDependency section */
		5F61FA3020EF77C000B99CCB /* PBXTargetDependency */ = {
			isa = PBXTargetDependency;
			target = 5F61FA1920EF77BE00B99CCB /* Kunstmaan */;
			targetProxy = 5F61FA2F20EF77C000B99CCB /* PBXContainerItemProxy */;
		};
		5F61FA3B20EF77C000B99CCB /* PBXTargetDependency */ = {
			isa = PBXTargetDependency;
			target = 5F61FA1920EF77BE00B99CCB /* Kunstmaan */;
			targetProxy = 5F61FA3A20EF77C000B99CCB /* PBXContainerItemProxy */;
		};
/* End PBXTargetDependency section */

/* Begin PBXVariantGroup section */
		5F61FA2120EF77BE00B99CCB /* Main.storyboard */ = {
			isa = PBXVariantGroup;
			children = (
				5F61FA2220EF77BE00B99CCB /* Base */,
			);
			name = Main.storyboard;
			sourceTree = "<group>";
		};
		5F61FA2620EF77C000B99CCB /* LaunchScreen.storyboard */ = {
			isa = PBXVariantGroup;
			children = (
				5F61FA2720EF77C000B99CCB /* Base */,
			);
			name = LaunchScreen.storyboard;
			sourceTree = "<group>";
		};
/* End PBXVariantGroup section */

/* Begin XCBuildConfiguration section */
		5F61FA4020EF77C000B99CCB /* Debug */ = {
			isa = XCBuildConfiguration;
			buildSettings = {
				ALWAYS_SEARCH_USER_PATHS = NO;
				CLANG_ANALYZER_NONNULL = YES;
				CLANG_ANALYZER_NUMBER_OBJECT_CONVERSION = YES_AGGRESSIVE;
				CLANG_CXX_LANGUAGE_STANDARD = "gnu++14";
				CLANG_CXX_LIBRARY = "libc++";
				CLANG_ENABLE_MODULES = YES;
				CLANG_ENABLE_OBJC_ARC = YES;
				CLANG_ENABLE_OBJC_WEAK = YES;
				CLANG_WARN_BLOCK_CAPTURE_AUTORELEASING = YES;
				CLANG_WARN_BOOL_CONVERSION = YES;
				CLANG_WARN_COMMA = YES;
				CLANG_WARN_CONSTANT_CONVERSION = YES;
				CLANG_WARN_DEPRECATED_OBJC_IMPLEMENTATIONS = YES;
				CLANG_WARN_DIRECT_OBJC_ISA_USAGE = YES_ERROR;
				CLANG_WARN_DOCUMENTATION_COMMENTS = YES;
				CLANG_WARN_EMPTY_BODY = YES;
				CLANG_WARN_ENUM_CONVERSION = YES;
				CLANG_WARN_INFINITE_RECURSION = YES;
				CLANG_WARN_INT_CONVERSION = YES;
				CLANG_WARN_NON_LITERAL_NULL_CONVERSION = YES;
				CLANG_WARN_OBJC_IMPLICIT_RETAIN_SELF = YES;
				CLANG_WARN_OBJC_LITERAL_CONVERSION = YES;
				CLANG_WARN_OBJC_ROOT_CLASS = YES_ERROR;
				CLANG_WARN_RANGE_LOOP_ANALYSIS = YES;
				CLANG_WARN_STRICT_PROTOTYPES = YES;
				CLANG_WARN_SUSPICIOUS_MOVE = YES;
				CLANG_WARN_UNGUARDED_AVAILABILITY = YES_AGGRESSIVE;
				CLANG_WARN_UNREACHABLE_CODE = YES;
				CLANG_WARN__DUPLICATE_METHOD_MATCH = YES;
				CODE_SIGN_IDENTITY = "iPhone Developer";
				COPY_PHASE_STRIP = NO;
				DEBUG_INFORMATION_FORMAT = dwarf;
				ENABLE_STRICT_OBJC_MSGSEND = YES;
				ENABLE_TESTABILITY = YES;
				GCC_C_LANGUAGE_STANDARD = gnu11;
				GCC_DYNAMIC_NO_PIC = NO;
				GCC_NO_COMMON_BLOCKS = YES;
				GCC_OPTIMIZATION_LEVEL = 0;
				GCC_PREPROCESSOR_DEFINITIONS = (
					"DEBUG=1",
					"$(inherited)",
				);
				GCC_WARN_64_TO_32_BIT_CONVERSION = YES;
				GCC_WARN_ABOUT_RETURN_TYPE = YES_ERROR;
				GCC_WARN_UNDECLARED_SELECTOR = YES;
				GCC_WARN_UNINITIALIZED_AUTOS = YES_AGGRESSIVE;
				GCC_WARN_UNUSED_FUNCTION = YES;
				GCC_WARN_UNUSED_VARIABLE = YES;
				IPHONEOS_DEPLOYMENT_TARGET = 11.4;
				MTL_ENABLE_DEBUG_INFO = YES;
				ONLY_ACTIVE_ARCH = YES;
				SDKROOT = iphoneos;
				SWIFT_ACTIVE_COMPILATION_CONDITIONS = DEBUG;
				SWIFT_OPTIMIZATION_LEVEL = "-Onone";
			};
			name = Debug;
		};
		5F61FA4120EF77C000B99CCB /* Release */ = {
			isa = XCBuildConfiguration;
			buildSettings = {
				ALWAYS_SEARCH_USER_PATHS = NO;
				CLANG_ANALYZER_NONNULL = YES;
				CLANG_ANALYZER_NUMBER_OBJECT_CONVERSION = YES_AGGRESSIVE;
				CLANG_CXX_LANGUAGE_STANDARD = "gnu++14";
				CLANG_CXX_LIBRARY = "libc++";
				CLANG_ENABLE_MODULES = YES;
				CLANG_ENABLE_OBJC_ARC = YES;
				CLANG_ENABLE_OBJC_WEAK = YES;
				CLANG_WARN_BLOCK_CAPTURE_AUTORELEASING = YES;
				CLANG_WARN_BOOL_CONVERSION = YES;
				CLANG_WARN_COMMA = YES;
				CLANG_WARN_CONSTANT_CONVERSION = YES;
				CLANG_WARN_DEPRECATED_OBJC_IMPLEMENTATIONS = YES;
				CLANG_WARN_DIRECT_OBJC_ISA_USAGE = YES_ERROR;
				CLANG_WARN_DOCUMENTATION_COMMENTS = YES;
				CLANG_WARN_EMPTY_BODY = YES;
				CLANG_WARN_ENUM_CONVERSION = YES;
				CLANG_WARN_INFINITE_RECURSION = YES;
				CLANG_WARN_INT_CONVERSION = YES;
				CLANG_WARN_NON_LITERAL_NULL_CONVERSION = YES;
				CLANG_WARN_OBJC_IMPLICIT_RETAIN_SELF = YES;
				CLANG_WARN_OBJC_LITERAL_CONVERSION = YES;
				CLANG_WARN_OBJC_ROOT_CLASS = YES_ERROR;
				CLANG_WARN_RANGE_LOOP_ANALYSIS = YES;
				CLANG_WARN_STRICT_PROTOTYPES = YES;
				CLANG_WARN_SUSPICIOUS_MOVE = YES;
				CLANG_WARN_UNGUARDED_AVAILABILITY = YES_AGGRESSIVE;
				CLANG_WARN_UNREACHABLE_CODE = YES;
				CLANG_WARN__DUPLICATE_METHOD_MATCH = YES;
				CODE_SIGN_IDENTITY = "iPhone Developer";
				COPY_PHASE_STRIP = NO;
				DEBUG_INFORMATION_FORMAT = "dwarf-with-dsym";
				ENABLE_NS_ASSERTIONS = NO;
				ENABLE_STRICT_OBJC_MSGSEND = YES;
				GCC_C_LANGUAGE_STANDARD = gnu11;
				GCC_NO_COMMON_BLOCKS = YES;
				GCC_WARN_64_TO_32_BIT_CONVERSION = YES;
				GCC_WARN_ABOUT_RETURN_TYPE = YES_ERROR;
				GCC_WARN_UNDECLARED_SELECTOR = YES;
				GCC_WARN_UNINITIALIZED_AUTOS = YES_AGGRESSIVE;
				GCC_WARN_UNUSED_FUNCTION = YES;
				GCC_WARN_UNUSED_VARIABLE = YES;
				IPHONEOS_DEPLOYMENT_TARGET = 11.4;
				MTL_ENABLE_DEBUG_INFO = NO;
				SDKROOT = iphoneos;
				SWIFT_COMPILATION_MODE = wholemodule;
				SWIFT_OPTIMIZATION_LEVEL = "-O";
				VALIDATE_PRODUCT = YES;
			};
			name = Release;
		};
		5F61FA4320EF77C000B99CCB /* Debug */ = {
			isa = XCBuildConfiguration;
			buildSettings = {
				ASSETCATALOG_COMPILER_APPICON_NAME = AppIcon;
				CODE_SIGN_STYLE = Automatic;
				DEVELOPMENT_TEAM = 948LL44TD3;
				INFOPLIST_FILE = Kunstmaan/Info.plist;
				LD_RUNPATH_SEARCH_PATHS = (
					"$(inherited)",
					"@executable_path/Frameworks",
				);
				PRODUCT_BUNDLE_IDENTIFIER = kurt.test.com.Kunstmaan;
				PRODUCT_NAME = "$(TARGET_NAME)";
				SWIFT_VERSION = 4.0;
				TARGETED_DEVICE_FAMILY = "1,2";
			};
			name = Debug;
		};
		5F61FA4420EF77C000B99CCB /* Release */ = {
			isa = XCBuildConfiguration;
			buildSettings = {
				ASSETCATALOG_COMPILER_APPICON_NAME = AppIcon;
				CODE_SIGN_STYLE = Automatic;
				DEVELOPMENT_TEAM = 948LL44TD3;
				INFOPLIST_FILE = Kunstmaan/Info.plist;
				LD_RUNPATH_SEARCH_PATHS = (
					"$(inherited)",
					"@executable_path/Frameworks",
				);
				PRODUCT_BUNDLE_IDENTIFIER = kurt.test.com.Kunstmaan;
				PRODUCT_NAME = "$(TARGET_NAME)";
				SWIFT_VERSION = 4.0;
				TARGETED_DEVICE_FAMILY = "1,2";
			};
			name = Release;
		};
		5F61FA4620EF77C000B99CCB /* Debug */ = {
			isa = XCBuildConfiguration;
			buildSettings = {
				ALWAYS_EMBED_SWIFT_STANDARD_LIBRARIES = YES;
				BUNDLE_LOADER = "$(TEST_HOST)";
				CODE_SIGN_STYLE = Automatic;
				DEVELOPMENT_TEAM = 948LL44TD3;
				INFOPLIST_FILE = KunstmaanTests/Info.plist;
				LD_RUNPATH_SEARCH_PATHS = (
					"$(inherited)",
					"@executable_path/Frameworks",
					"@loader_path/Frameworks",
				);
				PRODUCT_BUNDLE_IDENTIFIER = kurt.test.com.KunstmaanTests;
				PRODUCT_NAME = "$(TARGET_NAME)";
				SWIFT_VERSION = 4.0;
				TARGETED_DEVICE_FAMILY = "1,2";
				TEST_HOST = "$(BUILT_PRODUCTS_DIR)/Kunstmaan.app/Kunstmaan";
			};
			name = Debug;
		};
		5F61FA4720EF77C000B99CCB /* Release */ = {
			isa = XCBuildConfiguration;
			buildSettings = {
				ALWAYS_EMBED_SWIFT_STANDARD_LIBRARIES = YES;
				BUNDLE_LOADER = "$(TEST_HOST)";
				CODE_SIGN_STYLE = Automatic;
				DEVELOPMENT_TEAM = 948LL44TD3;
				INFOPLIST_FILE = KunstmaanTests/Info.plist;
				LD_RUNPATH_SEARCH_PATHS = (
					"$(inherited)",
					"@executable_path/Frameworks",
					"@loader_path/Frameworks",
				);
				PRODUCT_BUNDLE_IDENTIFIER = kurt.test.com.KunstmaanTests;
				PRODUCT_NAME = "$(TARGET_NAME)";
				SWIFT_VERSION = 4.0;
				TARGETED_DEVICE_FAMILY = "1,2";
				TEST_HOST = "$(BUILT_PRODUCTS_DIR)/Kunstmaan.app/Kunstmaan";
			};
			name = Release;
		};
		5F61FA4920EF77C000B99CCB /* Debug */ = {
			isa = XCBuildConfiguration;
			buildSettings = {
				ALWAYS_EMBED_SWIFT_STANDARD_LIBRARIES = YES;
				CODE_SIGN_STYLE = Automatic;
				DEVELOPMENT_TEAM = 948LL44TD3;
				INFOPLIST_FILE = KunstmaanUITests/Info.plist;
				LD_RUNPATH_SEARCH_PATHS = (
					"$(inherited)",
					"@executable_path/Frameworks",
					"@loader_path/Frameworks",
				);
				PRODUCT_BUNDLE_IDENTIFIER = kurt.test.com.KunstmaanUITests;
				PRODUCT_NAME = "$(TARGET_NAME)";
				SWIFT_VERSION = 4.0;
				TARGETED_DEVICE_FAMILY = "1,2";
				TEST_TARGET_NAME = Kunstmaan;
			};
			name = Debug;
		};
		5F61FA4A20EF77C000B99CCB /* Release */ = {
			isa = XCBuildConfiguration;
			buildSettings = {
				ALWAYS_EMBED_SWIFT_STANDARD_LIBRARIES = YES;
				CODE_SIGN_STYLE = Automatic;
				DEVELOPMENT_TEAM = 948LL44TD3;
				INFOPLIST_FILE = KunstmaanUITests/Info.plist;
				LD_RUNPATH_SEARCH_PATHS = (
					"$(inherited)",
					"@executable_path/Frameworks",
					"@loader_path/Frameworks",
				);
				PRODUCT_BUNDLE_IDENTIFIER = kurt.test.com.KunstmaanUITests;
				PRODUCT_NAME = "$(TARGET_NAME)";
				SWIFT_VERSION = 4.0;
				TARGETED_DEVICE_FAMILY = "1,2";
				TEST_TARGET_NAME = Kunstmaan;
			};
			name = Release;
		};
/* End XCBuildConfiguration section */

/* Begin XCConfigurationList section */
		5F61FA1520EF77BE00B99CCB /* Build configuration list for PBXProject "Kunstmaan" */ = {
			isa = XCConfigurationList;
			buildConfigurations = (
				5F61FA4020EF77C000B99CCB /* Debug */,
				5F61FA4120EF77C000B99CCB /* Release */,
			);
			defaultConfigurationIsVisible = 0;
			defaultConfigurationName = Release;
		};
		5F61FA4220EF77C000B99CCB /* Build configuration list for PBXNativeTarget "Kunstmaan" */ = {
			isa = XCConfigurationList;
			buildConfigurations = (
				5F61FA4320EF77C000B99CCB /* Debug */,
				5F61FA4420EF77C000B99CCB /* Release */,
			);
			defaultConfigurationIsVisible = 0;
			defaultConfigurationName = Release;
		};
		5F61FA4520EF77C000B99CCB /* Build configuration list for PBXNativeTarget "KunstmaanTests" */ = {
			isa = XCConfigurationList;
			buildConfigurations = (
				5F61FA4620EF77C000B99CCB /* Debug */,
				5F61FA4720EF77C000B99CCB /* Release */,
			);
			defaultConfigurationIsVisible = 0;
			defaultConfigurationName = Release;
		};
		5F61FA4820EF77C000B99CCB /* Build configuration list for PBXNativeTarget "KunstmaanUITests" */ = {
			isa = XCConfigurationList;
			buildConfigurations = (
				5F61FA4920EF77C000B99CCB /* Debug */,
				5F61FA4A20EF77C000B99CCB /* Release */,
			);
			defaultConfigurationIsVisible = 0;
			defaultConfigurationName = Release;
		};
/* End XCConfigurationList section */
	};
	rootObject = 5F61FA1220EF77BE00B99CCB /* Project object */;
}
